// !$*UTF8*$!
{
	archiveVersion = 1;
	classes = {
	};
	objectVersion = 46;
	objects = {

/* Begin PBXBuildFile section */
		3107773618D981AC00E7CEF9 /* pic2.png in Resources */ = {isa = PBXBuildFile; fileRef = 3107773518D981AC00E7CEF9 /* pic2.png */; };
		310814FF18DAC86400C90513 /* 1.png in Resources */ = {isa = PBXBuildFile; fileRef = 310814F618DAC86400C90513 /* 1.png */; };
		3108150018DAC86400C90513 /* 2.png in Resources */ = {isa = PBXBuildFile; fileRef = 310814F718DAC86400C90513 /* 2.png */; };
		3108150118DAC86400C90513 /* 3.png in Resources */ = {isa = PBXBuildFile; fileRef = 310814F818DAC86400C90513 /* 3.png */; };
		3108150218DAC86400C90513 /* 4.png in Resources */ = {isa = PBXBuildFile; fileRef = 310814F918DAC86400C90513 /* 4.png */; };
		3108150318DAC86400C90513 /* 5.png in Resources */ = {isa = PBXBuildFile; fileRef = 310814FA18DAC86400C90513 /* 5.png */; };
		3108150418DAC86400C90513 /* 6.png in Resources */ = {isa = PBXBuildFile; fileRef = 310814FB18DAC86400C90513 /* 6.png */; };
		3108150518DAC86400C90513 /* 7.png in Resources */ = {isa = PBXBuildFile; fileRef = 310814FC18DAC86400C90513 /* 7.png */; };
		3108150618DAC86400C90513 /* 8.png in Resources */ = {isa = PBXBuildFile; fileRef = 310814FD18DAC86400C90513 /* 8.png */; };
		3108150718DAC86400C90513 /* 9.png in Resources */ = {isa = PBXBuildFile; fileRef = 310814FE18DAC86400C90513 /* 9.png */; };
		3108150918DACF5D00C90513 /* QuartzCore.framework in Frameworks */ = {isa = PBXBuildFile; fileRef = 3108150818DACF5D00C90513 /* QuartzCore.framework */; };
		3108154F18DADA4200C90513 /* Foundation.framework in Frameworks */ = {isa = PBXBuildFile; fileRef = 311498E418D93AE700906ED5 /* Foundation.framework */; };
		311498E518D93AE700906ED5 /* Foundation.framework in Frameworks */ = {isa = PBXBuildFile; fileRef = 311498E418D93AE700906ED5 /* Foundation.framework */; };
		311498E718D93AE700906ED5 /* CoreGraphics.framework in Frameworks */ = {isa = PBXBuildFile; fileRef = 311498E618D93AE700906ED5 /* CoreGraphics.framework */; };
		311498E918D93AE700906ED5 /* UIKit.framework in Frameworks */ = {isa = PBXBuildFile; fileRef = 311498E818D93AE700906ED5 /* UIKit.framework */; };
		311498EF18D93AE700906ED5 /* InfoPlist.strings in Resources */ = {isa = PBXBuildFile; fileRef = 311498ED18D93AE700906ED5 /* InfoPlist.strings */; };
		311498F118D93AE700906ED5 /* main.m in Sources */ = {isa = PBXBuildFile; fileRef = 311498F018D93AE700906ED5 /* main.m */; };
		311498F518D93AE700906ED5 /* AppDelegate.m in Sources */ = {isa = PBXBuildFile; fileRef = 311498F418D93AE700906ED5 /* AppDelegate.m */; };
		311498F818D93AE700906ED5 /* Main.storyboard in Resources */ = {isa = PBXBuildFile; fileRef = 311498F618D93AE700906ED5 /* Main.storyboard */; };
		311498FB18D93AE700906ED5 /* ViewController.m in Sources */ = {isa = PBXBuildFile; fileRef = 311498FA18D93AE700906ED5 /* ViewController.m */; };
		311498FD18D93AE700906ED5 /* Images.xcassets in Resources */ = {isa = PBXBuildFile; fileRef = 311498FC18D93AE700906ED5 /* Images.xcassets */; };
		3114990418D93AE700906ED5 /* XCTest.framework in Frameworks */ = {isa = PBXBuildFile; fileRef = 3114990318D93AE700906ED5 /* XCTest.framework */; };
		3114990518D93AE700906ED5 /* Foundation.framework in Frameworks */ = {isa = PBXBuildFile; fileRef = 311498E418D93AE700906ED5 /* Foundation.framework */; };
		3114990618D93AE700906ED5 /* UIKit.framework in Frameworks */ = {isa = PBXBuildFile; fileRef = 311498E818D93AE700906ED5 /* UIKit.framework */; };
		3114990E18D93AE700906ED5 /* InfoPlist.strings in Resources */ = {isa = PBXBuildFile; fileRef = 3114990C18D93AE700906ED5 /* InfoPlist.strings */; };
		3114991018D93AE700906ED5 /* AutoLoadViewTests.m in Sources */ = {isa = PBXBuildFile; fileRef = 3114990F18D93AE700906ED5 /* AutoLoadViewTests.m */; };
		3114991B18D93B1F00906ED5 /* wDynamicLayout.m in Sources */ = {isa = PBXBuildFile; fileRef = 3114991A18D93B1F00906ED5 /* wDynamicLayout.m */; };
		3114991E18D93B2F00906ED5 /* customButton.m in Sources */ = {isa = PBXBuildFile; fileRef = 3114991D18D93B2F00906ED5 /* customButton.m */; };
		3114992018D93B9300906ED5 /* DocumentsLayout.json in Resources */ = {isa = PBXBuildFile; fileRef = 3114991F18D93B9300906ED5 /* DocumentsLayout.json */; };
		3114992618D93CC900906ED5 /* customView.m in Sources */ = {isa = PBXBuildFile; fileRef = 3114992518D93CC900906ED5 /* customView.m */; };
		3114992B18D93D2100906ED5 /* firstViewController.m in Sources */ = {isa = PBXBuildFile; fileRef = 3114992818D93D2100906ED5 /* firstViewController.m */; };
		3114992C18D93D2100906ED5 /* secondViewController.m in Sources */ = {isa = PBXBuildFile; fileRef = 3114992A18D93D2100906ED5 /* secondViewController.m */; };
		3128D5C118E910BF00B239D4 /* CustomSegmentControl.m in Sources */ = {isa = PBXBuildFile; fileRef = 3128D5C018E910BF00B239D4 /* CustomSegmentControl.m */; };
		3137408318F7DF4400DB33BF /* UIViewController+CWStatusBarNotification.m in Sources */ = {isa = PBXBuildFile; fileRef = 3137408218F7DF4400DB33BF /* UIViewController+CWStatusBarNotification.m */; };
		3138FE2E190A53340066241D /* firstViewController.json in Resources */ = {isa = PBXBuildFile; fileRef = 3138FE2D190A53340066241D /* firstViewController.json */; };
		3138FE44190A54BB0066241D /* TableOfMapper.m in Sources */ = {isa = PBXBuildFile; fileRef = 3138FE39190A54BB0066241D /* TableOfMapper.m */; };
		3138FE45190A54BB0066241D /* BaseCellMember.m in Sources */ = {isa = PBXBuildFile; fileRef = 3138FE3C190A54BB0066241D /* BaseCellMember.m */; };
		3138FE46190A54BB0066241D /* FirstCellMember.m in Sources */ = {isa = PBXBuildFile; fileRef = 3138FE3E190A54BB0066241D /* FirstCellMember.m */; };
		3138FE47190A54BB0066241D /* WCustomTableView.m in Sources */ = {isa = PBXBuildFile; fileRef = 3138FE41190A54BB0066241D /* WCustomTableView.m */; };
		3138FE48190A54BB0066241D /* WFirstCustomCell.m in Sources */ = {isa = PBXBuildFile; fileRef = 3138FE43190A54BB0066241D /* WFirstCustomCell.m */; };
		31435B0618ED560A00E26DA2 /* CustomScrollView.m in Sources */ = {isa = PBXBuildFile; fileRef = 31435B0518ED560A00E26DA2 /* CustomScrollView.m */; };
		315BE03118F53AE0002F1D18 /* CustomSwitch.m in Sources */ = {isa = PBXBuildFile; fileRef = 315BE03018F53AE0002F1D18 /* CustomSwitch.m */; };
		31A852F618DC38AE00890469 /* CountString.m in Sources */ = {isa = PBXBuildFile; fileRef = 31A852F518DC38AE00890469 /* CountString.m */; };
		31D0791F18FD18C300DC8386 /* image.bundle in Resources */ = {isa = PBXBuildFile; fileRef = 31D0791618FD18C300DC8386 /* image.bundle */; };
		31D0792018FD18C300DC8386 /* RefreshFooterView.m in Sources */ = {isa = PBXBuildFile; fileRef = 31D0791818FD18C300DC8386 /* RefreshFooterView.m */; };
		31D0792118FD18C300DC8386 /* RefreshHeaderView.m in Sources */ = {isa = PBXBuildFile; fileRef = 31D0791A18FD18C300DC8386 /* RefreshHeaderView.m */; };
		31D0792218FD18C300DC8386 /* WZRefreshBaseView.m in Sources */ = {isa = PBXBuildFile; fileRef = 31D0791C18FD18C300DC8386 /* WZRefreshBaseView.m */; };
		31D0792318FD18C300DC8386 /* WZRefrshConst.m in Sources */ = {isa = PBXBuildFile; fileRef = 31D0791E18FD18C300DC8386 /* WZRefrshConst.m */; };
/* End PBXBuildFile section */

/* Begin PBXContainerItemProxy section */
		3114990718D93AE700906ED5 /* PBXContainerItemProxy */ = {
			isa = PBXContainerItemProxy;
			containerPortal = 311498D918D93AE700906ED5 /* Project object */;
			proxyType = 1;
			remoteGlobalIDString = 311498E018D93AE700906ED5;
			remoteInfo = AutoLoadView;
		};
/* End PBXContainerItemProxy section */

/* Begin PBXCopyFilesBuildPhase section */
		3108154C18DADA4100C90513 /* CopyFiles */ = {
			isa = PBXCopyFilesBuildPhase;
			buildActionMask = 2147483647;
			dstPath = /usr/share/man/man1/;
			dstSubfolderSpec = 0;
			files = (
			);
			runOnlyForDeploymentPostprocessing = 1;
		};
/* End PBXCopyFilesBuildPhase section */

/* Begin PBXFileReference section */
		3107773518D981AC00E7CEF9 /* pic2.png */ = {isa = PBXFileReference; lastKnownFileType = image.png; path = pic2.png; sourceTree = "<group>"; };
		310814F618DAC86400C90513 /* 1.png */ = {isa = PBXFileReference; lastKnownFileType = image.png; path = 1.png; sourceTree = "<group>"; };
		310814F718DAC86400C90513 /* 2.png */ = {isa = PBXFileReference; lastKnownFileType = image.png; path = 2.png; sourceTree = "<group>"; };
		310814F818DAC86400C90513 /* 3.png */ = {isa = PBXFileReference; lastKnownFileType = image.png; path = 3.png; sourceTree = "<group>"; };
		310814F918DAC86400C90513 /* 4.png */ = {isa = PBXFileReference; lastKnownFileType = image.png; path = 4.png; sourceTree = "<group>"; };
		310814FA18DAC86400C90513 /* 5.png */ = {isa = PBXFileReference; lastKnownFileType = image.png; path = 5.png; sourceTree = "<group>"; };
		310814FB18DAC86400C90513 /* 6.png */ = {isa = PBXFileReference; lastKnownFileType = image.png; path = 6.png; sourceTree = "<group>"; };
		310814FC18DAC86400C90513 /* 7.png */ = {isa = PBXFileReference; lastKnownFileType = image.png; path = 7.png; sourceTree = "<group>"; };
		310814FD18DAC86400C90513 /* 8.png */ = {isa = PBXFileReference; lastKnownFileType = image.png; path = 8.png; sourceTree = "<group>"; };
		310814FE18DAC86400C90513 /* 9.png */ = {isa = PBXFileReference; lastKnownFileType = image.png; path = 9.png; sourceTree = "<group>"; };
		3108150818DACF5D00C90513 /* QuartzCore.framework */ = {isa = PBXFileReference; lastKnownFileType = wrapper.framework; name = QuartzCore.framework; path = System/Library/Frameworks/QuartzCore.framework; sourceTree = SDKROOT; };
		3108154E18DADA4200C90513 /* shiyan */ = {isa = PBXFileReference; explicitFileType = "compiled.mach-o.executable"; includeInIndex = 0; path = shiyan; sourceTree = BUILT_PRODUCTS_DIR; };
		311498E118D93AE700906ED5 /* AutoLoadView.app */ = {isa = PBXFileReference; explicitFileType = wrapper.application; includeInIndex = 0; path = AutoLoadView.app; sourceTree = BUILT_PRODUCTS_DIR; };
		311498E418D93AE700906ED5 /* Foundation.framework */ = {isa = PBXFileReference; lastKnownFileType = wrapper.framework; name = Foundation.framework; path = System/Library/Frameworks/Foundation.framework; sourceTree = SDKROOT; };
		311498E618D93AE700906ED5 /* CoreGraphics.framework */ = {isa = PBXFileReference; lastKnownFileType = wrapper.framework; name = CoreGraphics.framework; path = System/Library/Frameworks/CoreGraphics.framework; sourceTree = SDKROOT; };
		311498E818D93AE700906ED5 /* UIKit.framework */ = {isa = PBXFileReference; lastKnownFileType = wrapper.framework; name = UIKit.framework; path = System/Library/Frameworks/UIKit.framework; sourceTree = SDKROOT; };
		311498EC18D93AE700906ED5 /* AutoLoadView-Info.plist */ = {isa = PBXFileReference; lastKnownFileType = text.plist.xml; path = "AutoLoadView-Info.plist"; sourceTree = "<group>"; };
		311498EE18D93AE700906ED5 /* en */ = {isa = PBXFileReference; lastKnownFileType = text.plist.strings; name = en; path = en.lproj/InfoPlist.strings; sourceTree = "<group>"; };
		311498F018D93AE700906ED5 /* main.m */ = {isa = PBXFileReference; lastKnownFileType = sourcecode.c.objc; path = main.m; sourceTree = "<group>"; };
		311498F218D93AE700906ED5 /* AutoLoadView-Prefix.pch */ = {isa = PBXFileReference; lastKnownFileType = sourcecode.c.h; path = "AutoLoadView-Prefix.pch"; sourceTree = "<group>"; };
		311498F318D93AE700906ED5 /* AppDelegate.h */ = {isa = PBXFileReference; lastKnownFileType = sourcecode.c.h; path = AppDelegate.h; sourceTree = "<group>"; };
		311498F418D93AE700906ED5 /* AppDelegate.m */ = {isa = PBXFileReference; lastKnownFileType = sourcecode.c.objc; path = AppDelegate.m; sourceTree = "<group>"; };
		311498F718D93AE700906ED5 /* Base */ = {isa = PBXFileReference; lastKnownFileType = file.storyboard; name = Base; path = Base.lproj/Main.storyboard; sourceTree = "<group>"; };
		311498F918D93AE700906ED5 /* ViewController.h */ = {isa = PBXFileReference; lastKnownFileType = sourcecode.c.h; path = ViewController.h; sourceTree = "<group>"; };
		311498FA18D93AE700906ED5 /* ViewController.m */ = {isa = PBXFileReference; lastKnownFileType = sourcecode.c.objc; path = ViewController.m; sourceTree = "<group>"; };
		311498FC18D93AE700906ED5 /* Images.xcassets */ = {isa = PBXFileReference; lastKnownFileType = folder.assetcatalog; path = Images.xcassets; sourceTree = "<group>"; };
		3114990218D93AE700906ED5 /* AutoLoadViewTests.xctest */ = {isa = PBXFileReference; explicitFileType = wrapper.cfbundle; includeInIndex = 0; path = AutoLoadViewTests.xctest; sourceTree = BUILT_PRODUCTS_DIR; };
		3114990318D93AE700906ED5 /* XCTest.framework */ = {isa = PBXFileReference; lastKnownFileType = wrapper.framework; name = XCTest.framework; path = Library/Frameworks/XCTest.framework; sourceTree = DEVELOPER_DIR; };
		3114990B18D93AE700906ED5 /* AutoLoadViewTests-Info.plist */ = {isa = PBXFileReference; lastKnownFileType = text.plist.xml; path = "AutoLoadViewTests-Info.plist"; sourceTree = "<group>"; };
		3114990D18D93AE700906ED5 /* en */ = {isa = PBXFileReference; lastKnownFileType = text.plist.strings; name = en; path = en.lproj/InfoPlist.strings; sourceTree = "<group>"; };
		3114990F18D93AE700906ED5 /* AutoLoadViewTests.m */ = {isa = PBXFileReference; lastKnownFileType = sourcecode.c.objc; path = AutoLoadViewTests.m; sourceTree = "<group>"; };
		3114991918D93B1F00906ED5 /* wDynamicLayout.h */ = {isa = PBXFileReference; fileEncoding = 4; lastKnownFileType = sourcecode.c.h; path = wDynamicLayout.h; sourceTree = "<group>"; };
		3114991A18D93B1F00906ED5 /* wDynamicLayout.m */ = {isa = PBXFileReference; fileEncoding = 4; lastKnownFileType = sourcecode.c.objc; path = wDynamicLayout.m; sourceTree = "<group>"; };
		3114991C18D93B2F00906ED5 /* customButton.h */ = {isa = PBXFileReference; fileEncoding = 4; lastKnownFileType = sourcecode.c.h; path = customButton.h; sourceTree = "<group>"; };
		3114991D18D93B2F00906ED5 /* customButton.m */ = {isa = PBXFileReference; fileEncoding = 4; lastKnownFileType = sourcecode.c.objc; path = customButton.m; sourceTree = "<group>"; };
		3114991F18D93B9300906ED5 /* DocumentsLayout.json */ = {isa = PBXFileReference; fileEncoding = 4; lastKnownFileType = text.json; path = DocumentsLayout.json; sourceTree = "<group>"; };
		3114992418D93CC900906ED5 /* customView.h */ = {isa = PBXFileReference; fileEncoding = 4; lastKnownFileType = sourcecode.c.h; path = customView.h; sourceTree = "<group>"; };
		3114992518D93CC900906ED5 /* customView.m */ = {isa = PBXFileReference; fileEncoding = 4; lastKnownFileType = sourcecode.c.objc; path = customView.m; sourceTree = "<group>"; };
		3114992718D93D2100906ED5 /* firstViewController.h */ = {isa = PBXFileReference; fileEncoding = 4; lastKnownFileType = sourcecode.c.h; path = firstViewController.h; sourceTree = "<group>"; };
		3114992818D93D2100906ED5 /* firstViewController.m */ = {isa = PBXFileReference; fileEncoding = 4; lastKnownFileType = sourcecode.c.objc; path = firstViewController.m; sourceTree = "<group>"; };
		3114992918D93D2100906ED5 /* secondViewController.h */ = {isa = PBXFileReference; fileEncoding = 4; lastKnownFileType = sourcecode.c.h; path = secondViewController.h; sourceTree = "<group>"; };
		3114992A18D93D2100906ED5 /* secondViewController.m */ = {isa = PBXFileReference; fileEncoding = 4; lastKnownFileType = sourcecode.c.objc; path = secondViewController.m; sourceTree = "<group>"; };
		3128D5BF18E910BF00B239D4 /* CustomSegmentControl.h */ = {isa = PBXFileReference; fileEncoding = 4; lastKnownFileType = sourcecode.c.h; path = CustomSegmentControl.h; sourceTree = "<group>"; };
		3128D5C018E910BF00B239D4 /* CustomSegmentControl.m */ = {isa = PBXFileReference; fileEncoding = 4; lastKnownFileType = sourcecode.c.objc; path = CustomSegmentControl.m; sourceTree = "<group>"; };
		3137408118F7DF4400DB33BF /* UIViewController+CWStatusBarNotification.h */ = {isa = PBXFileReference; fileEncoding = 4; lastKnownFileType = sourcecode.c.h; path = "UIViewController+CWStatusBarNotification.h"; sourceTree = "<group>"; };
		3137408218F7DF4400DB33BF /* UIViewController+CWStatusBarNotification.m */ = {isa = PBXFileReference; fileEncoding = 4; lastKnownFileType = sourcecode.c.objc; path = "UIViewController+CWStatusBarNotification.m"; sourceTree = "<group>"; };
		3138FE2D190A53340066241D /* firstViewController.json */ = {isa = PBXFileReference; fileEncoding = 4; lastKnownFileType = text.json; path = firstViewController.json; sourceTree = "<group>"; };
		3138FE38190A54BB0066241D /* TableOfMapper.h */ = {isa = PBXFileReference; fileEncoding = 4; lastKnownFileType = sourcecode.c.h; path = TableOfMapper.h; sourceTree = "<group>"; };
		3138FE39190A54BB0066241D /* TableOfMapper.m */ = {isa = PBXFileReference; fileEncoding = 4; lastKnownFileType = sourcecode.c.objc; path = TableOfMapper.m; sourceTree = "<group>"; };
		3138FE3B190A54BB0066241D /* BaseCellMember.h */ = {isa = PBXFileReference; fileEncoding = 4; lastKnownFileType = sourcecode.c.h; path = BaseCellMember.h; sourceTree = "<group>"; };
		3138FE3C190A54BB0066241D /* BaseCellMember.m */ = {isa = PBXFileReference; fileEncoding = 4; lastKnownFileType = sourcecode.c.objc; path = BaseCellMember.m; sourceTree = "<group>"; };
		3138FE3D190A54BB0066241D /* FirstCellMember.h */ = {isa = PBXFileReference; fileEncoding = 4; lastKnownFileType = sourcecode.c.h; path = FirstCellMember.h; sourceTree = "<group>"; };
		3138FE3E190A54BB0066241D /* FirstCellMember.m */ = {isa = PBXFileReference; fileEncoding = 4; lastKnownFileType = sourcecode.c.objc; path = FirstCellMember.m; sourceTree = "<group>"; };
		3138FE40190A54BB0066241D /* WCustomTableView.h */ = {isa = PBXFileReference; fileEncoding = 4; lastKnownFileType = sourcecode.c.h; path = WCustomTableView.h; sourceTree = "<group>"; };
		3138FE41190A54BB0066241D /* WCustomTableView.m */ = {isa = PBXFileReference; fileEncoding = 4; lastKnownFileType = sourcecode.c.objc; path = WCustomTableView.m; sourceTree = "<group>"; };
		3138FE42190A54BB0066241D /* WFirstCustomCell.h */ = {isa = PBXFileReference; fileEncoding = 4; lastKnownFileType = sourcecode.c.h; path = WFirstCustomCell.h; sourceTree = "<group>"; };
		3138FE43190A54BB0066241D /* WFirstCustomCell.m */ = {isa = PBXFileReference; fileEncoding = 4; lastKnownFileType = sourcecode.c.objc; path = WFirstCustomCell.m; sourceTree = "<group>"; };
		31435B0418ED560A00E26DA2 /* CustomScrollView.h */ = {isa = PBXFileReference; fileEncoding = 4; lastKnownFileType = sourcecode.c.h; path = CustomScrollView.h; sourceTree = "<group>"; };
		31435B0518ED560A00E26DA2 /* CustomScrollView.m */ = {isa = PBXFileReference; fileEncoding = 4; lastKnownFileType = sourcecode.c.objc; path = CustomScrollView.m; sourceTree = "<group>"; };
		315BE02F18F53AE0002F1D18 /* CustomSwitch.h */ = {isa = PBXFileReference; fileEncoding = 4; lastKnownFileType = sourcecode.c.h; path = CustomSwitch.h; sourceTree = "<group>"; };
		315BE03018F53AE0002F1D18 /* CustomSwitch.m */ = {isa = PBXFileReference; fileEncoding = 4; lastKnownFileType = sourcecode.c.objc; path = CustomSwitch.m; sourceTree = "<group>"; };
		31652E8818DA99C20001F0E2 /* HeaderForMacro.h */ = {isa = PBXFileReference; fileEncoding = 4; lastKnownFileType = sourcecode.c.h; path = HeaderForMacro.h; sourceTree = "<group>"; };
		31A852F418DC38AE00890469 /* CountString.h */ = {isa = PBXFileReference; fileEncoding = 4; lastKnownFileType = sourcecode.c.h; path = CountString.h; sourceTree = "<group>"; };
		31A852F518DC38AE00890469 /* CountString.m */ = {isa = PBXFileReference; fileEncoding = 4; lastKnownFileType = sourcecode.c.objc; path = CountString.m; sourceTree = "<group>"; };
		31D0791618FD18C300DC8386 /* image.bundle */ = {isa = PBXFileReference; lastKnownFileType = "wrapper.plug-in"; path = image.bundle; sourceTree = "<group>"; };
		31D0791718FD18C300DC8386 /* RefreshFooterView.h */ = {isa = PBXFileReference; fileEncoding = 4; lastKnownFileType = sourcecode.c.h; path = RefreshFooterView.h; sourceTree = "<group>"; };
		31D0791818FD18C300DC8386 /* RefreshFooterView.m */ = {isa = PBXFileReference; fileEncoding = 4; lastKnownFileType = sourcecode.c.objc; path = RefreshFooterView.m; sourceTree = "<group>"; };
		31D0791918FD18C300DC8386 /* RefreshHeaderView.h */ = {isa = PBXFileReference; fileEncoding = 4; lastKnownFileType = sourcecode.c.h; path = RefreshHeaderView.h; sourceTree = "<group>"; };
		31D0791A18FD18C300DC8386 /* RefreshHeaderView.m */ = {isa = PBXFileReference; fileEncoding = 4; lastKnownFileType = sourcecode.c.objc; path = RefreshHeaderView.m; sourceTree = "<group>"; };
		31D0791B18FD18C300DC8386 /* WZRefreshBaseView.h */ = {isa = PBXFileReference; fileEncoding = 4; lastKnownFileType = sourcecode.c.h; path = WZRefreshBaseView.h; sourceTree = "<group>"; };
		31D0791C18FD18C300DC8386 /* WZRefreshBaseView.m */ = {isa = PBXFileReference; fileEncoding = 4; lastKnownFileType = sourcecode.c.objc; path = WZRefreshBaseView.m; sourceTree = "<group>"; };
		31D0791D18FD18C300DC8386 /* WZRefrshConst.h */ = {isa = PBXFileReference; fileEncoding = 4; lastKnownFileType = sourcecode.c.h; path = WZRefrshConst.h; sourceTree = "<group>"; };
		31D0791E18FD18C300DC8386 /* WZRefrshConst.m */ = {isa = PBXFileReference; fileEncoding = 4; lastKnownFileType = sourcecode.c.objc; path = WZRefrshConst.m; sourceTree = "<group>"; };
		31D0792618FD221200DC8386 /* HeaderAndFooterRefresh.h */ = {isa = PBXFileReference; fileEncoding = 4; lastKnownFileType = sourcecode.c.h; path = HeaderAndFooterRefresh.h; sourceTree = "<group>"; };
/* End PBXFileReference section */

/* Begin PBXFrameworksBuildPhase section */
		3108154B18DADA4100C90513 /* Frameworks */ = {
			isa = PBXFrameworksBuildPhase;
			buildActionMask = 2147483647;
			files = (
				3108154F18DADA4200C90513 /* Foundation.framework in Frameworks */,
			);
			runOnlyForDeploymentPostprocessing = 0;
		};
		311498DE18D93AE700906ED5 /* Frameworks */ = {
			isa = PBXFrameworksBuildPhase;
			buildActionMask = 2147483647;
			files = (
				3108150918DACF5D00C90513 /* QuartzCore.framework in Frameworks */,
				311498E718D93AE700906ED5 /* CoreGraphics.framework in Frameworks */,
				311498E918D93AE700906ED5 /* UIKit.framework in Frameworks */,
				311498E518D93AE700906ED5 /* Foundation.framework in Frameworks */,
			);
			runOnlyForDeploymentPostprocessing = 0;
		};
		311498FF18D93AE700906ED5 /* Frameworks */ = {
			isa = PBXFrameworksBuildPhase;
			buildActionMask = 2147483647;
			files = (
				3114990418D93AE700906ED5 /* XCTest.framework in Frameworks */,
				3114990618D93AE700906ED5 /* UIKit.framework in Frameworks */,
				3114990518D93AE700906ED5 /* Foundation.framework in Frameworks */,
			);
			runOnlyForDeploymentPostprocessing = 0;
		};
/* End PBXFrameworksBuildPhase section */

/* Begin PBXGroup section */
		310814F518DAC86400C90513 /* 产品素材 */ = {
			isa = PBXGroup;
			children = (
				310814F618DAC86400C90513 /* 1.png */,
				310814F718DAC86400C90513 /* 2.png */,
				310814F818DAC86400C90513 /* 3.png */,
				310814F918DAC86400C90513 /* 4.png */,
				310814FA18DAC86400C90513 /* 5.png */,
				310814FB18DAC86400C90513 /* 6.png */,
				310814FC18DAC86400C90513 /* 7.png */,
				310814FD18DAC86400C90513 /* 8.png */,
				310814FE18DAC86400C90513 /* 9.png */,
			);
			path = "产品素材";
			sourceTree = "<group>";
		};
		311498D818D93AE700906ED5 = {
			isa = PBXGroup;
			children = (
				311498EA18D93AE700906ED5 /* AutoLoadView */,
				3114990918D93AE700906ED5 /* AutoLoadViewTests */,
				311498E318D93AE700906ED5 /* Frameworks */,
				311498E218D93AE700906ED5 /* Products */,
			);
			sourceTree = "<group>";
		};
		311498E218D93AE700906ED5 /* Products */ = {
			isa = PBXGroup;
			children = (
				311498E118D93AE700906ED5 /* AutoLoadView.app */,
				3114990218D93AE700906ED5 /* AutoLoadViewTests.xctest */,
				3108154E18DADA4200C90513 /* shiyan */,
			);
			name = Products;
			sourceTree = "<group>";
		};
		311498E318D93AE700906ED5 /* Frameworks */ = {
			isa = PBXGroup;
			children = (
				3108150818DACF5D00C90513 /* QuartzCore.framework */,
				311498E418D93AE700906ED5 /* Foundation.framework */,
				311498E618D93AE700906ED5 /* CoreGraphics.framework */,
				311498E818D93AE700906ED5 /* UIKit.framework */,
				3114990318D93AE700906ED5 /* XCTest.framework */,
			);
			name = Frameworks;
			sourceTree = "<group>";
		};
		311498EA18D93AE700906ED5 /* AutoLoadView */ = {
			isa = PBXGroup;
			children = (
				3114992318D93BDF00906ED5 /* DataSourse */,
				3114992218D93BB700906ED5 /* CustomFile */,
				3114992118D93B9A00906ED5 /* AutoLoadFile */,
				311498F318D93AE700906ED5 /* AppDelegate.h */,
				311498F418D93AE700906ED5 /* AppDelegate.m */,
				311498F618D93AE700906ED5 /* Main.storyboard */,
				311498F918D93AE700906ED5 /* ViewController.h */,
				311498FA18D93AE700906ED5 /* ViewController.m */,
				3114992718D93D2100906ED5 /* firstViewController.h */,
				3114992818D93D2100906ED5 /* firstViewController.m */,
				3114992918D93D2100906ED5 /* secondViewController.h */,
				3114992A18D93D2100906ED5 /* secondViewController.m */,
				311498FC18D93AE700906ED5 /* Images.xcassets */,
				310814F518DAC86400C90513 /* 产品素材 */,
				311498EB18D93AE700906ED5 /* Supporting Files */,
			);
			path = AutoLoadView;
			sourceTree = "<group>";
		};
		311498EB18D93AE700906ED5 /* Supporting Files */ = {
			isa = PBXGroup;
			children = (
				3107773518D981AC00E7CEF9 /* pic2.png */,
				311498EC18D93AE700906ED5 /* AutoLoadView-Info.plist */,
				311498ED18D93AE700906ED5 /* InfoPlist.strings */,
				311498F018D93AE700906ED5 /* main.m */,
				311498F218D93AE700906ED5 /* AutoLoadView-Prefix.pch */,
			);
			name = "Supporting Files";
			sourceTree = "<group>";
		};
		3114990918D93AE700906ED5 /* AutoLoadViewTests */ = {
			isa = PBXGroup;
			children = (
				3114990F18D93AE700906ED5 /* AutoLoadViewTests.m */,
				3114990A18D93AE700906ED5 /* Supporting Files */,
			);
			path = AutoLoadViewTests;
			sourceTree = "<group>";
		};
		3114990A18D93AE700906ED5 /* Supporting Files */ = {
			isa = PBXGroup;
			children = (
				3114990B18D93AE700906ED5 /* AutoLoadViewTests-Info.plist */,
				3114990C18D93AE700906ED5 /* InfoPlist.strings */,
			);
			name = "Supporting Files";
			sourceTree = "<group>";
		};
		3114992118D93B9A00906ED5 /* AutoLoadFile */ = {
			isa = PBXGroup;
			children = (
				3114991918D93B1F00906ED5 /* wDynamicLayout.h */,
				3114991A18D93B1F00906ED5 /* wDynamicLayout.m */,
			);
			name = AutoLoadFile;
			sourceTree = "<group>";
		};
		3114992218D93BB700906ED5 /* CustomFile */ = {
			isa = PBXGroup;
			children = (
				3138FE36190A54BB0066241D /* CustomTableView */,
				31D0792418FD18CE00DC8386 /* customRefresh */,
				3137408118F7DF4400DB33BF /* UIViewController+CWStatusBarNotification.h */,
				3137408218F7DF4400DB33BF /* UIViewController+CWStatusBarNotification.m */,
				31A852F418DC38AE00890469 /* CountString.h */,
				31A852F518DC38AE00890469 /* CountString.m */,
				3114991C18D93B2F00906ED5 /* customButton.h */,
				3114991D18D93B2F00906ED5 /* customButton.m */,
				3128D5BF18E910BF00B239D4 /* CustomSegmentControl.h */,
				3128D5C018E910BF00B239D4 /* CustomSegmentControl.m */,
				3114992418D93CC900906ED5 /* customView.h */,
				3114992518D93CC900906ED5 /* customView.m */,
				31435B0418ED560A00E26DA2 /* CustomScrollView.h */,
				31435B0518ED560A00E26DA2 /* CustomScrollView.m */,
				315BE02F18F53AE0002F1D18 /* CustomSwitch.h */,
				315BE03018F53AE0002F1D18 /* CustomSwitch.m */,
			);
			name = CustomFile;
			sourceTree = "<group>";
		};
		3114992318D93BDF00906ED5 /* DataSourse */ = {
			isa = PBXGroup;
			children = (
				31652E8818DA99C20001F0E2 /* HeaderForMacro.h */,
				3114991F18D93B9300906ED5 /* DocumentsLayout.json */,
				3138FE2D190A53340066241D /* firstViewController.json */,
			);
			name = DataSourse;
			sourceTree = "<group>";
		};
		3138FE36190A54BB0066241D /* CustomTableView */ = {
			isa = PBXGroup;
			children = (
				3138FE37190A54BB0066241D /* modelFromJSON */,
				3138FE3A190A54BB0066241D /* modle */,
				3138FE3F190A54BB0066241D /* View */,
			);
			path = CustomTableView;
			sourceTree = "<group>";
		};
		3138FE37190A54BB0066241D /* modelFromJSON */ = {
			isa = PBXGroup;
			children = (
				3138FE38190A54BB0066241D /* TableOfMapper.h */,
				3138FE39190A54BB0066241D /* TableOfMapper.m */,
			);
			path = modelFromJSON;
			sourceTree = "<group>";
		};
		3138FE3A190A54BB0066241D /* modle */ = {
			isa = PBXGroup;
			children = (
				3138FE3B190A54BB0066241D /* BaseCellMember.h */,
				3138FE3C190A54BB0066241D /* BaseCellMember.m */,
				3138FE3D190A54BB0066241D /* FirstCellMember.h */,
				3138FE3E190A54BB0066241D /* FirstCellMember.m */,
			);
			path = modle;
			sourceTree = "<group>";
		};
		3138FE3F190A54BB0066241D /* View */ = {
			isa = PBXGroup;
			children = (
				3138FE40190A54BB0066241D /* WCustomTableView.h */,
				3138FE41190A54BB0066241D /* WCustomTableView.m */,
				3138FE42190A54BB0066241D /* WFirstCustomCell.h */,
				3138FE43190A54BB0066241D /* WFirstCustomCell.m */,
			);
			path = View;
			sourceTree = "<group>";
		};
		31D0792418FD18CE00DC8386 /* customRefresh */ = {
			isa = PBXGroup;
			children = (
				31D0791618FD18C300DC8386 /* image.bundle */,
				31D0791718FD18C300DC8386 /* RefreshFooterView.h */,
				31D0792618FD221200DC8386 /* HeaderAndFooterRefresh.h */,
				31D0791818FD18C300DC8386 /* RefreshFooterView.m */,
				31D0791918FD18C300DC8386 /* RefreshHeaderView.h */,
				31D0791A18FD18C300DC8386 /* RefreshHeaderView.m */,
				31D0791B18FD18C300DC8386 /* WZRefreshBaseView.h */,
				31D0791C18FD18C300DC8386 /* WZRefreshBaseView.m */,
				31D0791D18FD18C300DC8386 /* WZRefrshConst.h */,
				31D0791E18FD18C300DC8386 /* WZRefrshConst.m */,
			);
			name = customRefresh;
			sourceTree = "<group>";
		};
/* End PBXGroup section */

/* Begin PBXNativeTarget section */
		3108154D18DADA4100C90513 /* shiyan */ = {
			isa = PBXNativeTarget;
			buildConfigurationList = 3108155718DADA4200C90513 /* Build configuration list for PBXNativeTarget "shiyan" */;
			buildPhases = (
				3108154A18DADA4100C90513 /* Sources */,
				3108154B18DADA4100C90513 /* Frameworks */,
				3108154C18DADA4100C90513 /* CopyFiles */,
			);
			buildRules = (
			);
			dependencies = (
			);
			name = shiyan;
			productName = shiyan;
			productReference = 3108154E18DADA4200C90513 /* shiyan */;
			productType = "com.apple.product-type.tool";
		};
		311498E018D93AE700906ED5 /* AutoLoadView */ = {
			isa = PBXNativeTarget;
			buildConfigurationList = 3114991318D93AE700906ED5 /* Build configuration list for PBXNativeTarget "AutoLoadView" */;
			buildPhases = (
				311498DD18D93AE700906ED5 /* Sources */,
				311498DE18D93AE700906ED5 /* Frameworks */,
				311498DF18D93AE700906ED5 /* Resources */,
			);
			buildRules = (
			);
			dependencies = (
			);
			name = AutoLoadView;
			productName = AutoLoadView;
			productReference = 311498E118D93AE700906ED5 /* AutoLoadView.app */;
			productType = "com.apple.product-type.application";
		};
		3114990118D93AE700906ED5 /* AutoLoadViewTests */ = {
			isa = PBXNativeTarget;
			buildConfigurationList = 3114991618D93AE700906ED5 /* Build configuration list for PBXNativeTarget "AutoLoadViewTests" */;
			buildPhases = (
				311498FE18D93AE700906ED5 /* Sources */,
				311498FF18D93AE700906ED5 /* Frameworks */,
				3114990018D93AE700906ED5 /* Resources */,
			);
			buildRules = (
			);
			dependencies = (
				3114990818D93AE700906ED5 /* PBXTargetDependency */,
			);
			name = AutoLoadViewTests;
			productName = AutoLoadViewTests;
			productReference = 3114990218D93AE700906ED5 /* AutoLoadViewTests.xctest */;
			productType = "com.apple.product-type.bundle.unit-test";
		};
/* End PBXNativeTarget section */

/* Begin PBXProject section */
		311498D918D93AE700906ED5 /* Project object */ = {
			isa = PBXProject;
			attributes = {
				LastUpgradeCheck = 0510;
				ORGANIZATIONNAME = "传晟";
				TargetAttributes = {
					3114990118D93AE700906ED5 = {
						TestTargetID = 311498E018D93AE700906ED5;
					};
				};
			};
			buildConfigurationList = 311498DC18D93AE700906ED5 /* Build configuration list for PBXProject "AutoLoadView" */;
			compatibilityVersion = "Xcode 3.2";
			developmentRegion = English;
			hasScannedForEncodings = 0;
			knownRegions = (
				en,
				Base,
			);
			mainGroup = 311498D818D93AE700906ED5;
			productRefGroup = 311498E218D93AE700906ED5 /* Products */;
			projectDirPath = "";
			projectRoot = "";
			targets = (
				311498E018D93AE700906ED5 /* AutoLoadView */,
				3114990118D93AE700906ED5 /* AutoLoadViewTests */,
				3108154D18DADA4100C90513 /* shiyan */,
			);
		};
/* End PBXProject section */

/* Begin PBXResourcesBuildPhase section */
		311498DF18D93AE700906ED5 /* Resources */ = {
			isa = PBXResourcesBuildPhase;
			buildActionMask = 2147483647;
			files = (
				3108150418DAC86400C90513 /* 6.png in Resources */,
				3108150218DAC86400C90513 /* 4.png in Resources */,
				3108150318DAC86400C90513 /* 5.png in Resources */,
				3108150518DAC86400C90513 /* 7.png in Resources */,
				3114992018D93B9300906ED5 /* DocumentsLayout.json in Resources */,
				311498FD18D93AE700906ED5 /* Images.xcassets in Resources */,
				3108150018DAC86400C90513 /* 2.png in Resources */,
				3138FE2E190A53340066241D /* firstViewController.json in Resources */,
				3108150118DAC86400C90513 /* 3.png in Resources */,
				3107773618D981AC00E7CEF9 /* pic2.png in Resources */,
				3108150718DAC86400C90513 /* 9.png in Resources */,
				3108150618DAC86400C90513 /* 8.png in Resources */,
				310814FF18DAC86400C90513 /* 1.png in Resources */,
				311498EF18D93AE700906ED5 /* InfoPlist.strings in Resources */,
				31D0791F18FD18C300DC8386 /* image.bundle in Resources */,
				311498F818D93AE700906ED5 /* Main.storyboard in Resources */,
			);
			runOnlyForDeploymentPostprocessing = 0;
		};
		3114990018D93AE700906ED5 /* Resources */ = {
			isa = PBXResourcesBuildPhase;
			buildActionMask = 2147483647;
			files = (
				3114990E18D93AE700906ED5 /* InfoPlist.strings in Resources */,
			);
			runOnlyForDeploymentPostprocessing = 0;
		};
/* End PBXResourcesBuildPhase section */

/* Begin PBXSourcesBuildPhase section */
		3108154A18DADA4100C90513 /* Sources */ = {
			isa = PBXSourcesBuildPhase;
			buildActionMask = 2147483647;
			files = (
			);
			runOnlyForDeploymentPostprocessing = 0;
		};
		311498DD18D93AE700906ED5 /* Sources */ = {
			isa = PBXSourcesBuildPhase;
			buildActionMask = 2147483647;
			files = (
				3138FE46190A54BB0066241D /* FirstCellMember.m in Sources */,
				3138FE44190A54BB0066241D /* TableOfMapper.m in Sources */,
				31D0792118FD18C300DC8386 /* RefreshHeaderView.m in Sources */,
				3128D5C118E910BF00B239D4 /* CustomSegmentControl.m in Sources */,
				311498FB18D93AE700906ED5 /* ViewController.m in Sources */,
				31D0792318FD18C300DC8386 /* WZRefrshConst.m in Sources */,
				3114991E18D93B2F00906ED5 /* customButton.m in Sources */,
				3114991B18D93B1F00906ED5 /* wDynamicLayout.m in Sources */,
				3114992B18D93D2100906ED5 /* firstViewController.m in Sources */,
				31D0792018FD18C300DC8386 /* RefreshFooterView.m in Sources */,
				3114992C18D93D2100906ED5 /* secondViewController.m in Sources */,
				3137408318F7DF4400DB33BF /* UIViewController+CWStatusBarNotification.m in Sources */,
				315BE03118F53AE0002F1D18 /* CustomSwitch.m in Sources */,
				3138FE47190A54BB0066241D /* WCustomTableView.m in Sources */,
				31D0792218FD18C300DC8386 /* WZRefreshBaseView.m in Sources */,
				3138FE45190A54BB0066241D /* BaseCellMember.m in Sources */,
				3114992618D93CC900906ED5 /* customView.m in Sources */,
				311498F518D93AE700906ED5 /* AppDelegate.m in Sources */,
				311498F118D93AE700906ED5 /* main.m in Sources */,
				31435B0618ED560A00E26DA2 /* CustomScrollView.m in Sources */,
				3138FE48190A54BB0066241D /* WFirstCustomCell.m in Sources */,
				31A852F618DC38AE00890469 /* CountString.m in Sources */,
			);
			runOnlyForDeploymentPostprocessing = 0;
		};
		311498FE18D93AE700906ED5 /* Sources */ = {
			isa = PBXSourcesBuildPhase;
			buildActionMask = 2147483647;
			files = (
				3114991018D93AE700906ED5 /* AutoLoadViewTests.m in Sources */,
			);
			runOnlyForDeploymentPostprocessing = 0;
		};
/* End PBXSourcesBuildPhase section */

/* Begin PBXTargetDependency section */
		3114990818D93AE700906ED5 /* PBXTargetDependency */ = {
			isa = PBXTargetDependency;
			target = 311498E018D93AE700906ED5 /* AutoLoadView */;
			targetProxy = 3114990718D93AE700906ED5 /* PBXContainerItemProxy */;
		};
/* End PBXTargetDependency section */

/* Begin PBXVariantGroup section */
		311498ED18D93AE700906ED5 /* InfoPlist.strings */ = {
			isa = PBXVariantGroup;
			children = (
				311498EE18D93AE700906ED5 /* en */,
			);
			name = InfoPlist.strings;
			sourceTree = "<group>";
		};
		311498F618D93AE700906ED5 /* Main.storyboard */ = {
			isa = PBXVariantGroup;
			children = (
				311498F718D93AE700906ED5 /* Base */,
			);
			name = Main.storyboard;
			sourceTree = "<group>";
		};
		3114990C18D93AE700906ED5 /* InfoPlist.strings */ = {
			isa = PBXVariantGroup;
			children = (
				3114990D18D93AE700906ED5 /* en */,
			);
			name = InfoPlist.strings;
			sourceTree = "<group>";
		};
/* End PBXVariantGroup section */

/* Begin XCBuildConfiguration section */
		3108155818DADA4200C90513 /* Debug */ = {
			isa = XCBuildConfiguration;
			buildSettings = {
				GCC_ENABLE_OBJC_EXCEPTIONS = YES;
				GCC_PRECOMPILE_PREFIX_HEADER = YES;
				GCC_PREFIX_HEADER = "shiyan/shiyan-Prefix.pch";
				GCC_PREPROCESSOR_DEFINITIONS = (
					"DEBUG=1",
					"$(inherited)",
				);
				MACOSX_DEPLOYMENT_TARGET = 10.8;
				PRODUCT_NAME = "$(TARGET_NAME)";
				SDKROOT = macosx;
			};
			name = Debug;
		};
		3108155918DADA4200C90513 /* Release */ = {
			isa = XCBuildConfiguration;
			buildSettings = {
				DEBUG_INFORMATION_FORMAT = "dwarf-with-dsym";
				GCC_ENABLE_OBJC_EXCEPTIONS = YES;
				GCC_PRECOMPILE_PREFIX_HEADER = YES;
				GCC_PREFIX_HEADER = "shiyan/shiyan-Prefix.pch";
				MACOSX_DEPLOYMENT_TARGET = 10.8;
				PRODUCT_NAME = "$(TARGET_NAME)";
				SDKROOT = macosx;
			};
			name = Release;
		};
		3114991118D93AE700906ED5 /* Debug */ = {
			isa = XCBuildConfiguration;
			buildSettings = {
				ALWAYS_SEARCH_USER_PATHS = NO;
				CLANG_CXX_LANGUAGE_STANDARD = "gnu++0x";
				CLANG_CXX_LIBRARY = "libc++";
				CLANG_ENABLE_MODULES = YES;
				CLANG_ENABLE_OBJC_ARC = YES;
				CLANG_WARN_BOOL_CONVERSION = YES;
				CLANG_WARN_CONSTANT_CONVERSION = YES;
				CLANG_WARN_DIRECT_OBJC_ISA_USAGE = YES_ERROR;
				CLANG_WARN_EMPTY_BODY = YES;
				CLANG_WARN_ENUM_CONVERSION = YES;
				CLANG_WARN_INT_CONVERSION = YES;
				CLANG_WARN_OBJC_ROOT_CLASS = YES_ERROR;
				CLANG_WARN__DUPLICATE_METHOD_MATCH = YES;
				"CODE_SIGN_IDENTITY[sdk=iphoneos*]" = "iPhone Developer";
				COPY_PHASE_STRIP = NO;
				GCC_C_LANGUAGE_STANDARD = gnu99;
				GCC_DYNAMIC_NO_PIC = NO;
				GCC_OPTIMIZATION_LEVEL = 0;
				GCC_PREPROCESSOR_DEFINITIONS = (
					"DEBUG=1",
					"$(inherited)",
				);
				GCC_SYMBOLS_PRIVATE_EXTERN = NO;
				GCC_WARN_64_TO_32_BIT_CONVERSION = YES;
				GCC_WARN_ABOUT_RETURN_TYPE = YES_ERROR;
				GCC_WARN_UNDECLARED_SELECTOR = YES;
				GCC_WARN_UNINITIALIZED_AUTOS = YES_AGGRESSIVE;
				GCC_WARN_UNUSED_FUNCTION = YES;
				GCC_WARN_UNUSED_VARIABLE = YES;
				IPHONEOS_DEPLOYMENT_TARGET = 7.1;
				ONLY_ACTIVE_ARCH = YES;
				SDKROOT = iphoneos;
			};
			name = Debug;
		};
		3114991218D93AE700906ED5 /* Release */ = {
			isa = XCBuildConfiguration;
			buildSettings = {
				ALWAYS_SEARCH_USER_PATHS = NO;
				CLANG_CXX_LANGUAGE_STANDARD = "gnu++0x";
				CLANG_CXX_LIBRARY = "libc++";
				CLANG_ENABLE_MODULES = YES;
				CLANG_ENABLE_OBJC_ARC = YES;
				CLANG_WARN_BOOL_CONVERSION = YES;
				CLANG_WARN_CONSTANT_CONVERSION = YES;
				CLANG_WARN_DIRECT_OBJC_ISA_USAGE = YES_ERROR;
				CLANG_WARN_EMPTY_BODY = YES;
				CLANG_WARN_ENUM_CONVERSION = YES;
				CLANG_WARN_INT_CONVERSION = YES;
				CLANG_WARN_OBJC_ROOT_CLASS = YES_ERROR;
				CLANG_WARN__DUPLICATE_METHOD_MATCH = YES;
				"CODE_SIGN_IDENTITY[sdk=iphoneos*]" = "iPhone Developer";
				COPY_PHASE_STRIP = YES;
				ENABLE_NS_ASSERTIONS = NO;
				GCC_C_LANGUAGE_STANDARD = gnu99;
				GCC_WARN_64_TO_32_BIT_CONVERSION = YES;
				GCC_WARN_ABOUT_RETURN_TYPE = YES_ERROR;
				GCC_WARN_UNDECLARED_SELECTOR = YES;
				GCC_WARN_UNINITIALIZED_AUTOS = YES_AGGRESSIVE;
				GCC_WARN_UNUSED_FUNCTION = YES;
				GCC_WARN_UNUSED_VARIABLE = YES;
				IPHONEOS_DEPLOYMENT_TARGET = 7.1;
				SDKROOT = iphoneos;
				VALIDATE_PRODUCT = YES;
			};
			name = Release;
		};
		3114991418D93AE700906ED5 /* Debug */ = {
			isa = XCBuildConfiguration;
			buildSettings = {
				ASSETCATALOG_COMPILER_APPICON_NAME = AppIcon;
				ASSETCATALOG_COMPILER_LAUNCHIMAGE_NAME = LaunchImage;
				GCC_PRECOMPILE_PREFIX_HEADER = YES;
				GCC_PREFIX_HEADER = "AutoLoadView/AutoLoadView-Prefix.pch";
				INFOPLIST_FILE = "AutoLoadView/AutoLoadView-Info.plist";
				PRODUCT_NAME = "$(TARGET_NAME)";
				WRAPPER_EXTENSION = app;
			};
			name = Debug;
		};
		3114991518D93AE700906ED5 /* Release */ = {
			isa = XCBuildConfiguration;
			buildSettings = {
				ASSETCATALOG_COMPILER_APPICON_NAME = AppIcon;
				ASSETCATALOG_COMPILER_LAUNCHIMAGE_NAME = LaunchImage;
				GCC_PRECOMPILE_PREFIX_HEADER = YES;
				GCC_PREFIX_HEADER = "AutoLoadView/AutoLoadView-Prefix.pch";
				INFOPLIST_FILE = "AutoLoadView/AutoLoadView-Info.plist";
				PRODUCT_NAME = "$(TARGET_NAME)";
				WRAPPER_EXTENSION = app;
			};
			name = Release;
		};
		3114991718D93AE700906ED5 /* Debug */ = {
			isa = XCBuildConfiguration;
			buildSettings = {
				BUNDLE_LOADER = "$(BUILT_PRODUCTS_DIR)/AutoLoadView.app/AutoLoadView";
				FRAMEWORK_SEARCH_PATHS = (
					"$(SDKROOT)/Developer/Library/Frameworks",
					"$(inherited)",
					"$(DEVELOPER_FRAMEWORKS_DIR)",
				);
				GCC_PRECOMPILE_PREFIX_HEADER = YES;
				GCC_PREFIX_HEADER = "AutoLoadView/AutoLoadView-Prefix.pch";
				GCC_PREPROCESSOR_DEFINITIONS = (
					"DEBUG=1",
					"$(inherited)",
				);
				INFOPLIST_FILE = "AutoLoadViewTests/AutoLoadViewTests-Info.plist";
				PRODUCT_NAME = "$(TARGET_NAME)";
				TEST_HOST = "$(BUNDLE_LOADER)";
				WRAPPER_EXTENSION = xctest;
			};
			name = Debug;
		};
		3114991818D93AE700906ED5 /* Release */ = {
			isa = XCBuildConfiguration;
			buildSettings = {
				BUNDLE_LOADER = "$(BUILT_PRODUCTS_DIR)/AutoLoadView.app/AutoLoadView";
				FRAMEWORK_SEARCH_PATHS = (
					"$(SDKROOT)/Developer/Library/Frameworks",
					"$(inherited)",
					"$(DEVELOPER_FRAMEWORKS_DIR)",
				);
				GCC_PRECOMPILE_PREFIX_HEADER = YES;
				GCC_PREFIX_HEADER = "AutoLoadView/AutoLoadView-Prefix.pch";
				INFOPLIST_FILE = "AutoLoadViewTests/AutoLoadViewTests-Info.plist";
				PRODUCT_NAME = "$(TARGET_NAME)";
				TEST_HOST = "$(BUNDLE_LOADER)";
				WRAPPER_EXTENSION = xctest;
			};
			name = Release;
		};
/* End XCBuildConfiguration section */

/* Begin XCConfigurationList section */
		3108155718DADA4200C90513 /* Build configuration list for PBXNativeTarget "shiyan" */ = {
			isa = XCConfigurationList;
			buildConfigurations = (
				3108155818DADA4200C90513 /* Debug */,
				3108155918DADA4200C90513 /* Release */,
			);
			defaultConfigurationIsVisible = 0;
			defaultConfigurationName = Release;
		};
		311498DC18D93AE700906ED5 /* Build configuration list for PBXProject "AutoLoadView" */ = {
			isa = XCConfigurationList;
			buildConfigurations = (
				3114991118D93AE700906ED5 /* Debug */,
				3114991218D93AE700906ED5 /* Release */,
			);
			defaultConfigurationIsVisible = 0;
			defaultConfigurationName = Release;
		};
		3114991318D93AE700906ED5 /* Build configuration list for PBXNativeTarget "AutoLoadView" */ = {
			isa = XCConfigurationList;
			buildConfigurations = (
				3114991418D93AE700906ED5 /* Debug */,
				3114991518D93AE700906ED5 /* Release */,
			);
			defaultConfigurationIsVisible = 0;
			defaultConfigurationName = Release;
		};
		3114991618D93AE700906ED5 /* Build configuration list for PBXNativeTarget "AutoLoadViewTests" */ = {
			isa = XCConfigurationList;
			buildConfigurations = (
				3114991718D93AE700906ED5 /* Debug */,
				3114991818D93AE700906ED5 /* Release */,
			);
			defaultConfigurationIsVisible = 0;
			defaultConfigurationName = Release;
		};
/* End XCConfigurationList section */
	};
	rootObject = 311498D918D93AE700906ED5 /* Project object */;
}
