// !$*UTF8*$!
{
	archiveVersion = 1;
	classes = {
	};
	objectVersion = 46;
	objects = {

/* Begin PBXBuildFile section */
		311498E518D93AE700906ED5 /* Foundation.framework in Frameworks */ = {isa = PBXBuildFile; fileRef = 311498E418D93AE700906ED5 /* Foundation.framework */; };
		311498E718D93AE700906ED5 /* CoreGraphics.framework in Frameworks */ = {isa = PBXBuildFile; fileRef = 311498E618D93AE700906ED5 /* CoreGraphics.framework */; };
		311498E918D93AE700906ED5 /* UIKit.framework in Frameworks */ = {isa = PBXBuildFile; fileRef = 311498E818D93AE700906ED5 /* UIKit.framework */; };
		311498EF18D93AE700906ED5 /* InfoPlist.strings in Resources */ = {isa = PBXBuildFile; fileRef = 311498ED18D93AE700906ED5 /* InfoPlist.strings */; };
		311498F118D93AE700906ED5 /* main.m in Sources */ = {isa = PBXBuildFile; fileRef = 311498F018D93AE700906ED5 /* main.m */; };
		311498F518D93AE700906ED5 /* AppDelegate.m in Sources */ = {isa = PBXBuildFile; fileRef = 311498F418D93AE700906ED5 /* AppDelegate.m */; };
		311498F818D93AE700906ED5 /* Main.storyboard in Resources */ = {isa = PBXBuildFile; fileRef = 311498F618D93AE700906ED5 /* Main.storyboard */; };
		311498FB18D93AE700906ED5 /* ViewController.m in Sources */ = {isa = PBXBuildFile; fileRef = 311498FA18D93AE700906ED5 /* ViewController.m */; };
		311498FD18D93AE700906ED5 /* Images.xcassets in Resources */ = {isa = PBXBuildFile; fileRef = 311498FC18D93AE700906ED5 /* Images.xcassets */; };
		3114990418D93AE700906ED5 /* XCTest.framework in Frameworks */ = {isa = PBXBuildFile; fileRef = 3114990318D93AE700906ED5 /* XCTest.framework */; };
		3114990518D93AE700906ED5 /* Foundation.framework in Frameworks */ = {isa = PBXBuildFile; fileRef = 311498E418D93AE700906ED5 /* Foundation.framework */; };
		3114990618D93AE700906ED5 /* UIKit.framework in Frameworks */ = {isa = PBXBuildFile; fileRef = 311498E818D93AE700906ED5 /* UIKit.framework */; };
		3114990E18D93AE700906ED5 /* InfoPlist.strings in Resources */ = {isa = PBXBuildFile; fileRef = 3114990C18D93AE700906ED5 /* InfoPlist.strings */; };
		3114991018D93AE700906ED5 /* AutoLoadViewTests.m in Sources */ = {isa = PBXBuildFile; fileRef = 3114990F18D93AE700906ED5 /* AutoLoadViewTests.m */; };
/* End PBXBuildFile section */

/* Begin PBXContainerItemProxy section */
		3114990718D93AE700906ED5 /* PBXContainerItemProxy */ = {
			isa = PBXContainerItemProxy;
			containerPortal = 311498D918D93AE700906ED5 /* Project object */;
			proxyType = 1;
			remoteGlobalIDString = 311498E018D93AE700906ED5;
			remoteInfo = AutoLoadView;
		};
/* End PBXContainerItemProxy section */

/* Begin PBXFileReference section */
		311498E118D93AE700906ED5 /* AutoLoadView.app */ = {isa = PBXFileReference; explicitFileType = wrapper.application; includeInIndex = 0; path = AutoLoadView.app; sourceTree = BUILT_PRODUCTS_DIR; };
		311498E418D93AE700906ED5 /* Foundation.framework */ = {isa = PBXFileReference; lastKnownFileType = wrapper.framework; name = Foundation.framework; path = System/Library/Frameworks/Foundation.framework; sourceTree = SDKROOT; };
		311498E618D93AE700906ED5 /* CoreGraphics.framework */ = {isa = PBXFileReference; lastKnownFileType = wrapper.framework; name = CoreGraphics.framework; path = System/Library/Frameworks/CoreGraphics.framework; sourceTree = SDKROOT; };
		311498E818D93AE700906ED5 /* UIKit.framework */ = {isa = PBXFileReference; lastKnownFileType = wrapper.framework; name = UIKit.framework; path = System/Library/Frameworks/UIKit.framework; sourceTree = SDKROOT; };
		311498EC18D93AE700906ED5 /* AutoLoadView-Info.plist */ = {isa = PBXFileReference; lastKnownFileType = text.plist.xml; path = "AutoLoadView-Info.plist"; sourceTree = "<group>"; };
		311498EE18D93AE700906ED5 /* en */ = {isa = PBXFileReference; lastKnownFileType = text.plist.strings; name = en; path = en.lproj/InfoPlist.strings; sourceTree = "<group>"; };
		311498F018D93AE700906ED5 /* main.m */ = {isa = PBXFileReference; lastKnownFileType = sourcecode.c.objc; path = main.m; sourceTree = "<group>"; };
		311498F218D93AE700906ED5 /* AutoLoadView-Prefix.pch */ = {isa = PBXFileReference; lastKnownFileType = sourcecode.c.h; path = "AutoLoadView-Prefix.pch"; sourceTree = "<group>"; };
		311498F318D93AE700906ED5 /* AppDelegate.h */ = {isa = PBXFileReference; lastKnownFileType = sourcecode.c.h; path = AppDelegate.h; sourceTree = "<group>"; };
		311498F418D93AE700906ED5 /* AppDelegate.m */ = {isa = PBXFileReference; lastKnownFileType = sourcecode.c.objc; path = AppDelegate.m; sourceTree = "<group>"; };
		311498F718D93AE700906ED5 /* Base */ = {isa = PBXFileReference; lastKnownFileType = file.storyboard; name = Base; path = Base.lproj/Main.storyboard; sourceTree = "<group>"; };
		311498F918D93AE700906ED5 /* ViewController.h */ = {isa = PBXFileReference; lastKnownFileType = sourcecode.c.h; path = ViewController.h; sourceTree = "<group>"; };
		311498FA18D93AE700906ED5 /* ViewController.m */ = {isa = PBXFileReference; lastKnownFileType = sourcecode.c.objc; path = ViewController.m; sourceTree = "<group>"; };
		311498FC18D93AE700906ED5 /* Images.xcassets */ = {isa = PBXFileReference; lastKnownFileType = folder.assetcatalog; path = Images.xcassets; sourceTree = "<group>"; };
		3114990218D93AE700906ED5 /* AutoLoadViewTests.xctest */ = {isa = PBXFileReference; explicitFileType = wrapper.cfbundle; includeInIndex = 0; path = AutoLoadViewTests.xctest; sourceTree = BUILT_PRODUCTS_DIR; };
		3114990318D93AE700906ED5 /* XCTest.framework */ = {isa = PBXFileReference; lastKnownFileType = wrapper.framework; name = XCTest.framework; path = Library/Frameworks/XCTest.framework; sourceTree = DEVELOPER_DIR; };
		3114990B18D93AE700906ED5 /* AutoLoadViewTests-Info.plist */ = {isa = PBXFileReference; lastKnownFileType = text.plist.xml; path = "AutoLoadViewTests-Info.plist"; sourceTree = "<group>"; };
		3114990D18D93AE700906ED5 /* en */ = {isa = PBXFileReference; lastKnownFileType = text.plist.strings; name = en; path = en.lproj/InfoPlist.strings; sourceTree = "<group>"; };
		3114990F18D93AE700906ED5 /* AutoLoadViewTests.m */ = {isa = PBXFileReference; lastKnownFileType = sourcecode.c.objc; path = AutoLoadViewTests.m; sourceTree = "<group>"; };
/* End PBXFileReference section */

/* Begin PBXFrameworksBuildPhase section */
		311498DE18D93AE700906ED5 /* Frameworks */ = {
			isa = PBXFrameworksBuildPhase;
			buildActionMask = 2147483647;
			files = (
				311498E718D93AE700906ED5 /* CoreGraphics.framework in Frameworks */,
				311498E918D93AE700906ED5 /* UIKit.framework in Frameworks */,
				311498E518D93AE700906ED5 /* Foundation.framework in Frameworks */,
			);
			runOnlyForDeploymentPostprocessing = 0;
		};
		311498FF18D93AE700906ED5 /* Frameworks */ = {
			isa = PBXFrameworksBuildPhase;
			buildActionMask = 2147483647;
			files = (
				3114990418D93AE700906ED5 /* XCTest.framework in Frameworks */,
				3114990618D93AE700906ED5 /* UIKit.framework in Frameworks */,
				3114990518D93AE700906ED5 /* Foundation.framework in Frameworks */,
			);
			runOnlyForDeploymentPostprocessing = 0;
		};
/* End PBXFrameworksBuildPhase section */

/* Begin PBXGroup section */
		311498D818D93AE700906ED5 = {
			isa = PBXGroup;
			children = (
				311498EA18D93AE700906ED5 /* AutoLoadView */,
				3114990918D93AE700906ED5 /* AutoLoadViewTests */,
				311498E318D93AE700906ED5 /* Frameworks */,
				311498E218D93AE700906ED5 /* Products */,
			);
			sourceTree = "<group>";
		};
		311498E218D93AE700906ED5 /* Products */ = {
			isa = PBXGroup;
			children = (
				311498E118D93AE700906ED5 /* AutoLoadView.app */,
				3114990218D93AE700906ED5 /* AutoLoadViewTests.xctest */,
			);
			name = Products;
			sourceTree = "<group>";
		};
		311498E318D93AE700906ED5 /* Frameworks */ = {
			isa = PBXGroup;
			children = (
				311498E418D93AE700906ED5 /* Foundation.framework */,
				311498E618D93AE700906ED5 /* CoreGraphics.framework */,
				311498E818D93AE700906ED5 /* UIKit.framework */,
				3114990318D93AE700906ED5 /* XCTest.framework */,
			);
			name = Frameworks;
			sourceTree = "<group>";
		};
		311498EA18D93AE700906ED5 /* AutoLoadView */ = {
			isa = PBXGroup;
			children = (
				311498F318D93AE700906ED5 /* AppDelegate.h */,
				311498F418D93AE700906ED5 /* AppDelegate.m */,
				311498F618D93AE700906ED5 /* Main.storyboard */,
				311498F918D93AE700906ED5 /* ViewController.h */,
				311498FA18D93AE700906ED5 /* ViewController.m */,
				311498FC18D93AE700906ED5 /* Images.xcassets */,
				311498EB18D93AE700906ED5 /* Supporting Files */,
			);
			path = AutoLoadView;
			sourceTree = "<group>";
		};
		311498EB18D93AE700906ED5 /* Supporting Files */ = {
			isa = PBXGroup;
			children = (
				311498EC18D93AE700906ED5 /* AutoLoadView-Info.plist */,
				311498ED18D93AE700906ED5 /* InfoPlist.strings */,
				311498F018D93AE700906ED5 /* main.m */,
				311498F218D93AE700906ED5 /* AutoLoadView-Prefix.pch */,
			);
			name = "Supporting Files";
			sourceTree = "<group>";
		};
		3114990918D93AE700906ED5 /* AutoLoadViewTests */ = {
			isa = PBXGroup;
			children = (
				3114990F18D93AE700906ED5 /* AutoLoadViewTests.m */,
				3114990A18D93AE700906ED5 /* Supporting Files */,
			);
			path = AutoLoadViewTests;
			sourceTree = "<group>";
		};
		3114990A18D93AE700906ED5 /* Supporting Files */ = {
			isa = PBXGroup;
			children = (
				3114990B18D93AE700906ED5 /* AutoLoadViewTests-Info.plist */,
				3114990C18D93AE700906ED5 /* InfoPlist.strings */,
			);
			name = "Supporting Files";
			sourceTree = "<group>";
		};
/* End PBXGroup section */

/* Begin PBXNativeTarget section */
		311498E018D93AE700906ED5 /* AutoLoadView */ = {
			isa = PBXNativeTarget;
			buildConfigurationList = 3114991318D93AE700906ED5 /* Build configuration list for PBXNativeTarget "AutoLoadView" */;
			buildPhases = (
				311498DD18D93AE700906ED5 /* Sources */,
				311498DE18D93AE700906ED5 /* Frameworks */,
				311498DF18D93AE700906ED5 /* Resources */,
			);
			buildRules = (
			);
			dependencies = (
			);
			name = AutoLoadView;
			productName = AutoLoadView;
			productReference = 311498E118D93AE700906ED5 /* AutoLoadView.app */;
			productType = "com.apple.product-type.application";
		};
		3114990118D93AE700906ED5 /* AutoLoadViewTests */ = {
			isa = PBXNativeTarget;
			buildConfigurationList = 3114991618D93AE700906ED5 /* Build configuration list for PBXNativeTarget "AutoLoadViewTests" */;
			buildPhases = (
				311498FE18D93AE700906ED5 /* Sources */,
				311498FF18D93AE700906ED5 /* Frameworks */,
				3114990018D93AE700906ED5 /* Resources */,
			);
			buildRules = (
			);
			dependencies = (
				3114990818D93AE700906ED5 /* PBXTargetDependency */,
			);
			name = AutoLoadViewTests;
			productName = AutoLoadViewTests;
			productReference = 3114990218D93AE700906ED5 /* AutoLoadViewTests.xctest */;
			productType = "com.apple.product-type.bundle.unit-test";
		};
/* End PBXNativeTarget section */

/* Begin PBXProject section */
		311498D918D93AE700906ED5 /* Project object */ = {
			isa = PBXProject;
			attributes = {
				LastUpgradeCheck = 0510;
				ORGANIZATIONNAME = "传晟";
				TargetAttributes = {
					3114990118D93AE700906ED5 = {
						TestTargetID = 311498E018D93AE700906ED5;
					};
				};
			};
			buildConfigurationList = 311498DC18D93AE700906ED5 /* Build configuration list for PBXProject "AutoLoadView" */;
			compatibilityVersion = "Xcode 3.2";
			developmentRegion = English;
			hasScannedForEncodings = 0;
			knownRegions = (
				en,
				Base,
			);
			mainGroup = 311498D818D93AE700906ED5;
			productRefGroup = 311498E218D93AE700906ED5 /* Products */;
			projectDirPath = "";
			projectRoot = "";
			targets = (
				311498E018D93AE700906ED5 /* AutoLoadView */,
				3114990118D93AE700906ED5 /* AutoLoadViewTests */,
			);
		};
/* End PBXProject section */

/* Begin PBXResourcesBuildPhase section */
		311498DF18D93AE700906ED5 /* Resources */ = {
			isa = PBXResourcesBuildPhase;
			buildActionMask = 2147483647;
			files = (
				311498FD18D93AE700906ED5 /* Images.xcassets in Resources */,
				311498EF18D93AE700906ED5 /* InfoPlist.strings in Resources */,
				311498F818D93AE700906ED5 /* Main.storyboard in Resources */,
			);
			runOnlyForDeploymentPostprocessing = 0;
		};
		3114990018D93AE700906ED5 /* Resources */ = {
			isa = PBXResourcesBuildPhase;
			buildActionMask = 2147483647;
			files = (
				3114990E18D93AE700906ED5 /* InfoPlist.strings in Resources */,
			);
			runOnlyForDeploymentPostprocessing = 0;
		};
/* End PBXResourcesBuildPhase section */

/* Begin PBXSourcesBuildPhase section */
		311498DD18D93AE700906ED5 /* Sources */ = {
			isa = PBXSourcesBuildPhase;
			buildActionMask = 2147483647;
			files = (
				311498FB18D93AE700906ED5 /* ViewController.m in Sources */,
				311498F518D93AE700906ED5 /* AppDelegate.m in Sources */,
				311498F118D93AE700906ED5 /* main.m in Sources */,
			);
			runOnlyForDeploymentPostprocessing = 0;
		};
		311498FE18D93AE700906ED5 /* Sources */ = {
			isa = PBXSourcesBuildPhase;
			buildActionMask = 2147483647;
			files = (
				3114991018D93AE700906ED5 /* AutoLoadViewTests.m in Sources */,
			);
			runOnlyForDeploymentPostprocessing = 0;
		};
/* End PBXSourcesBuildPhase section */

/* Begin PBXTargetDependency section */
		3114990818D93AE700906ED5 /* PBXTargetDependency */ = {
			isa = PBXTargetDependency;
			target = 311498E018D93AE700906ED5 /* AutoLoadView */;
			targetProxy = 3114990718D93AE700906ED5 /* PBXContainerItemProxy */;
		};
/* End PBXTargetDependency section */

/* Begin PBXVariantGroup section */
		311498ED18D93AE700906ED5 /* InfoPlist.strings */ = {
			isa = PBXVariantGroup;
			children = (
				311498EE18D93AE700906ED5 /* en */,
			);
			name = InfoPlist.strings;
			sourceTree = "<group>";
		};
		311498F618D93AE700906ED5 /* Main.storyboard */ = {
			isa = PBXVariantGroup;
			children = (
				311498F718D93AE700906ED5 /* Base */,
			);
			name = Main.storyboard;
			sourceTree = "<group>";
		};
		3114990C18D93AE700906ED5 /* InfoPlist.strings */ = {
			isa = PBXVariantGroup;
			children = (
				3114990D18D93AE700906ED5 /* en */,
			);
			name = InfoPlist.strings;
			sourceTree = "<group>";
		};
/* End PBXVariantGroup section */

/* Begin XCBuildConfiguration section */
		3114991118D93AE700906ED5 /* Debug */ = {
			isa = XCBuildConfiguration;
			buildSettings = {
				ALWAYS_SEARCH_USER_PATHS = NO;
				CLANG_CXX_LANGUAGE_STANDARD = "gnu++0x";
				CLANG_CXX_LIBRARY = "libc++";
				CLANG_ENABLE_MODULES = YES;
				CLANG_ENABLE_OBJC_ARC = YES;
				CLANG_WARN_BOOL_CONVERSION = YES;
				CLANG_WARN_CONSTANT_CONVERSION = YES;
				CLANG_WARN_DIRECT_OBJC_ISA_USAGE = YES_ERROR;
				CLANG_WARN_EMPTY_BODY = YES;
				CLANG_WARN_ENUM_CONVERSION = YES;
				CLANG_WARN_INT_CONVERSION = YES;
				CLANG_WARN_OBJC_ROOT_CLASS = YES_ERROR;
				CLANG_WARN__DUPLICATE_METHOD_MATCH = YES;
				"CODE_SIGN_IDENTITY[sdk=iphoneos*]" = "iPhone Developer";
				COPY_PHASE_STRIP = NO;
				GCC_C_LANGUAGE_STANDARD = gnu99;
				GCC_DYNAMIC_NO_PIC = NO;
				GCC_OPTIMIZATION_LEVEL = 0;
				GCC_PREPROCESSOR_DEFINITIONS = (
					"DEBUG=1",
					"$(inherited)",
				);
				GCC_SYMBOLS_PRIVATE_EXTERN = NO;
				GCC_WARN_64_TO_32_BIT_CONVERSION = YES;
				GCC_WARN_ABOUT_RETURN_TYPE = YES_ERROR;
				GCC_WARN_UNDECLARED_SELECTOR = YES;
				GCC_WARN_UNINITIALIZED_AUTOS = YES_AGGRESSIVE;
				GCC_WARN_UNUSED_FUNCTION = YES;
				GCC_WARN_UNUSED_VARIABLE = YES;
				IPHONEOS_DEPLOYMENT_TARGET = 7.1;
				ONLY_ACTIVE_ARCH = YES;
				SDKROOT = iphoneos;
			};
			name = Debug;
		};
		3114991218D93AE700906ED5 /* Release */ = {
			isa = XCBuildConfiguration;
			buildSettings = {
				ALWAYS_SEARCH_USER_PATHS = NO;
				CLANG_CXX_LANGUAGE_STANDARD = "gnu++0x";
				CLANG_CXX_LIBRARY = "libc++";
				CLANG_ENABLE_MODULES = YES;
				CLANG_ENABLE_OBJC_ARC = YES;
				CLANG_WARN_BOOL_CONVERSION = YES;
				CLANG_WARN_CONSTANT_CONVERSION = YES;
				CLANG_WARN_DIRECT_OBJC_ISA_USAGE = YES_ERROR;
				CLANG_WARN_EMPTY_BODY = YES;
				CLANG_WARN_ENUM_CONVERSION = YES;
				CLANG_WARN_INT_CONVERSION = YES;
				CLANG_WARN_OBJC_ROOT_CLASS = YES_ERROR;
				CLANG_WARN__DUPLICATE_METHOD_MATCH = YES;
				"CODE_SIGN_IDENTITY[sdk=iphoneos*]" = "iPhone Developer";
				COPY_PHASE_STRIP = YES;
				ENABLE_NS_ASSERTIONS = NO;
				GCC_C_LANGUAGE_STANDARD = gnu99;
				GCC_WARN_64_TO_32_BIT_CONVERSION = YES;
				GCC_WARN_ABOUT_RETURN_TYPE = YES_ERROR;
				GCC_WARN_UNDECLARED_SELECTOR = YES;
				GCC_WARN_UNINITIALIZED_AUTOS = YES_AGGRESSIVE;
				GCC_WARN_UNUSED_FUNCTION = YES;
				GCC_WARN_UNUSED_VARIABLE = YES;
				IPHONEOS_DEPLOYMENT_TARGET = 7.1;
				SDKROOT = iphoneos;
				VALIDATE_PRODUCT = YES;
			};
			name = Release;
		};
		3114991418D93AE700906ED5 /* Debug */ = {
			isa = XCBuildConfiguration;
			buildSettings = {
				ASSETCATALOG_COMPILER_APPICON_NAME = AppIcon;
				ASSETCATALOG_COMPILER_LAUNCHIMAGE_NAME = LaunchImage;
				GCC_PRECOMPILE_PREFIX_HEADER = YES;
				GCC_PREFIX_HEADER = "AutoLoadView/AutoLoadView-Prefix.pch";
				INFOPLIST_FILE = "AutoLoadView/AutoLoadView-Info.plist";
				PRODUCT_NAME = "$(TARGET_NAME)";
				WRAPPER_EXTENSION = app;
			};
			name = Debug;
		};
		3114991518D93AE700906ED5 /* Release */ = {
			isa = XCBuildConfiguration;
			buildSettings = {
				ASSETCATALOG_COMPILER_APPICON_NAME = AppIcon;
				ASSETCATALOG_COMPILER_LAUNCHIMAGE_NAME = LaunchImage;
				GCC_PRECOMPILE_PREFIX_HEADER = YES;
				GCC_PREFIX_HEADER = "AutoLoadView/AutoLoadView-Prefix.pch";
				INFOPLIST_FILE = "AutoLoadView/AutoLoadView-Info.plist";
				PRODUCT_NAME = "$(TARGET_NAME)";
				WRAPPER_EXTENSION = app;
			};
			name = Release;
		};
		3114991718D93AE700906ED5 /* Debug */ = {
			isa = XCBuildConfiguration;
			buildSettings = {
				BUNDLE_LOADER = "$(BUILT_PRODUCTS_DIR)/AutoLoadView.app/AutoLoadView";
				FRAMEWORK_SEARCH_PATHS = (
					"$(SDKROOT)/Developer/Library/Frameworks",
					"$(inherited)",
					"$(DEVELOPER_FRAMEWORKS_DIR)",
				);
				GCC_PRECOMPILE_PREFIX_HEADER = YES;
				GCC_PREFIX_HEADER = "AutoLoadView/AutoLoadView-Prefix.pch";
				GCC_PREPROCESSOR_DEFINITIONS = (
					"DEBUG=1",
					"$(inherited)",
				);
				INFOPLIST_FILE = "AutoLoadViewTests/AutoLoadViewTests-Info.plist";
				PRODUCT_NAME = "$(TARGET_NAME)";
				TEST_HOST = "$(BUNDLE_LOADER)";
				WRAPPER_EXTENSION = xctest;
			};
			name = Debug;
		};
		3114991818D93AE700906ED5 /* Release */ = {
			isa = XCBuildConfiguration;
			buildSettings = {
				BUNDLE_LOADER = "$(BUILT_PRODUCTS_DIR)/AutoLoadView.app/AutoLoadView";
				FRAMEWORK_SEARCH_PATHS = (
					"$(SDKROOT)/Developer/Library/Frameworks",
					"$(inherited)",
					"$(DEVELOPER_FRAMEWORKS_DIR)",
				);
				GCC_PRECOMPILE_PREFIX_HEADER = YES;
				GCC_PREFIX_HEADER = "AutoLoadView/AutoLoadView-Prefix.pch";
				INFOPLIST_FILE = "AutoLoadViewTests/AutoLoadViewTests-Info.plist";
				PRODUCT_NAME = "$(TARGET_NAME)";
				TEST_HOST = "$(BUNDLE_LOADER)";
				WRAPPER_EXTENSION = xctest;
			};
			name = Release;
		};
/* End XCBuildConfiguration section */

/* Begin XCConfigurationList section */
		311498DC18D93AE700906ED5 /* Build configuration list for PBXProject "AutoLoadView" */ = {
			isa = XCConfigurationList;
			buildConfigurations = (
				3114991118D93AE700906ED5 /* Debug */,
				3114991218D93AE700906ED5 /* Release */,
			);
			defaultConfigurationIsVisible = 0;
			defaultConfigurationName = Release;
		};
		3114991318D93AE700906ED5 /* Build configuration list for PBXNativeTarget "AutoLoadView" */ = {
			isa = XCConfigurationList;
			buildConfigurations = (
				3114991418D93AE700906ED5 /* Debug */,
				3114991518D93AE700906ED5 /* Release */,
			);
			defaultConfigurationIsVisible = 0;
		};
		3114991618D93AE700906ED5 /* Build configuration list for PBXNativeTarget "AutoLoadViewTests" */ = {
			isa = XCConfigurationList;
			buildConfigurations = (
				3114991718D93AE700906ED5 /* Debug */,
				3114991818D93AE700906ED5 /* Release */,
			);
			defaultConfigurationIsVisible = 0;
		};
/* End XCConfigurationList section */
	};
	rootObject = 311498D918D93AE700906ED5 /* Project object */;
}
